schema: '2.0'
stages:
  data_ingestion:
    cmd: python -m src.data.data_ingestion
    deps:
    - path: src/data/data_ingestion.py
      hash: md5
      md5: 4fb2391aaec0a581ac885d85e40087fb
      size: 10881
    - path: src/utils.py
      hash: md5
      md5: 013c8749ec5a5405633be4a2fc8ccccb
      size: 1820
    params:
      params.yaml:
        data_ingestion.exclude_files:
        - gender_submission.csv
        data_ingestion.kaggle_competition: titanic
    outs:
    - path: data/raw/test.csv
      hash: md5
      md5: 7533b82eae4b582610cbd68aa636b017
      size: 28629
    - path: data/raw/train.csv
      hash: md5
      md5: 2309cc5f04782ed9bb6016d9f4e381cf
      size: 61194
  data_preprocessing:
    cmd: python -m src.data.data_preprocessing
    deps:
    - path: data/raw
      hash: md5
      md5: c5f612fdfe06b317e4101c4b035c692c.dir
      size: 89823
      nfiles: 2
    - path: src/data/data_preprocessing.py
      hash: md5
      md5: 57df36579753b40d9a32e4fb3bdf2ab1
      size: 1606
    - path: src/utils.py
      hash: md5
      md5: 013c8749ec5a5405633be4a2fc8ccccb
      size: 1820
    outs:
    - path: data/interim/titanic_cleaned.csv
      hash: md5
      md5: 31f66f8b7b48955ec5cefb15eb20f894
      size: 51594
  feature_engineering:
    cmd: python -m src.features.feature_engineering
    deps:
    - path: data/interim/titanic_cleaned.csv
      hash: md5
      md5: 31f66f8b7b48955ec5cefb15eb20f894
      size: 51594
    - path: src/features/feature_engineering.py
      hash: md5
      md5: 1d984e36b7e9b587ede3f6bf3cd93661
      size: 1732
    - path: src/utils.py
      hash: md5
      md5: 013c8749ec5a5405633be4a2fc8ccccb
      size: 1820
    outs:
    - path: data/interim/feature_engineering.csv
      hash: md5
      md5: 8304be280de8fa17c2f1bcd802ff224f
      size: 87415
  feature_encoding:
    cmd: python -m src.features.feature_encoding
    deps:
    - path: data/interim/feature_engineering.csv
      hash: md5
      md5: 8304be280de8fa17c2f1bcd802ff224f
      size: 87415
    - path: src/features/feature_encoding.py
      hash: md5
      md5: 15a38d2cb068a5ec0dd659c9caa352ba
      size: 1938
    - path: src/utils.py
      hash: md5
      md5: 013c8749ec5a5405633be4a2fc8ccccb
      size: 1820
    outs:
    - path: data/processed/features.csv
      hash: md5
      md5: 578dddcefacd49f14f035aa2420d06d7
      size: 26864
  split_data:
    cmd: python -m src.features.split_data
    deps:
    - path: data/processed/features.csv
      hash: md5
      md5: 578dddcefacd49f14f035aa2420d06d7
      size: 26864
    - path: src/features/split_data.py
      hash: md5
      md5: 358171db108904ddeeb147902a23a9b0
      size: 1592
    params:
      params.yaml:
        split_data.random_state: 42
        split_data.test_size: 0.2
    outs:
    - path: data/processed/train.csv
      hash: md5
      md5: db62eef357e6a3a1b97636ec070f498c
      size: 21460
    - path: data/processed/validation.csv
      hash: md5
      md5: 2bd3c1012fd462af334f7f789a9c14fd
      size: 5483
  model_building:
    cmd: python -m src.models.model_building
    deps:
    - path: data/processed/train.csv
      hash: md5
      md5: db62eef357e6a3a1b97636ec070f498c
      size: 21460
    - path: src/models/model_building.py
      hash: md5
      md5: cd8a06c4512c41f22cb2aaaeba8d5505
      size: 1411
    - path: src/utils.py
      hash: md5
      md5: 013c8749ec5a5405633be4a2fc8ccccb
      size: 1820
    params:
      params.yaml:
        model_building.max_depth: 5
        model_building.min_samples_split: 2
        model_building.n_estimators: 100
    outs:
    - path: models/model.pkl
      hash: md5
      md5: 883e4e572002929cd39ee6c3b9d92009
      size: 400350
  model_evaluation:
    cmd: python -m src.models.model_evaluation
    deps:
    - path: data/processed/validation.csv
      hash: md5
      md5: 2bd3c1012fd462af334f7f789a9c14fd
      size: 5483
    - path: models/model.pkl
      hash: md5
      md5: 883e4e572002929cd39ee6c3b9d92009
      size: 400350
    - path: src/models/model_evaluation.py
      hash: md5
      md5: 065f647272cb4e24a8a2f433b2709d57
      size: 3942
    outs:
    - path: reports/metrics.json
      hash: md5
      md5: ba4c2baf68aab6f3dbee2c13cb8b7376
      size: 145
    - path: reports/run_info.json
      hash: md5
      md5: 6087d26e570346087d416f8836120c41
      size: 85
  model_registry:
    cmd: python -m src.models.register_model
    deps:
    - path: reports/metrics.json
      hash: md5
      md5: ba4c2baf68aab6f3dbee2c13cb8b7376
      size: 145
    - path: reports/run_info.json
      hash: md5
      md5: 6087d26e570346087d416f8836120c41
      size: 85
