schema: '2.0'
stages:
  data_ingestion:
    cmd: python -m src.data.data_ingestion
    deps:
    - path: src/data/data_ingestion.py
      hash: md5
      md5: 4fb2391aaec0a581ac885d85e40087fb
      size: 10881
    - path: src/utils.py
      hash: md5
      md5: 013c8749ec5a5405633be4a2fc8ccccb
      size: 1820
    params:
      params.yaml:
        data_ingestion.exclude_files:
        - gender_submission.csv
        data_ingestion.kaggle_competition: titanic
    outs:
    - path: data/raw/test.csv
      hash: md5
      md5: 7533b82eae4b582610cbd68aa636b017
      size: 28629
    - path: data/raw/train.csv
      hash: md5
      md5: 2309cc5f04782ed9bb6016d9f4e381cf
      size: 61194
  data_preprocessing:
    cmd: python -m src.data.data_preprocessing
    deps:
    - path: data/raw
      hash: md5
      md5: c5f612fdfe06b317e4101c4b035c692c.dir
      size: 89823
      nfiles: 2
    - path: src/data/data_preprocessing.py
      hash: md5
      md5: 57df36579753b40d9a32e4fb3bdf2ab1
      size: 1606
    - path: src/utils.py
      hash: md5
      md5: 013c8749ec5a5405633be4a2fc8ccccb
      size: 1820
    outs:
    - path: data/interim/titanic_cleaned.csv
      hash: md5
      md5: 31f66f8b7b48955ec5cefb15eb20f894
      size: 51594
  feature_engineering:
    cmd: python -m src.features.feature_engineering
    deps:
    - path: data/interim/titanic_cleaned.csv
      hash: md5
      md5: 31f66f8b7b48955ec5cefb15eb20f894
      size: 51594
    - path: src/features/feature_engineering.py
      hash: md5
      md5: 1d984e36b7e9b587ede3f6bf3cd93661
      size: 1732
    - path: src/utils.py
      hash: md5
      md5: 013c8749ec5a5405633be4a2fc8ccccb
      size: 1820
    outs:
    - path: data/interim/feature_engineering.csv
      hash: md5
      md5: 8304be280de8fa17c2f1bcd802ff224f
      size: 87415
  feature_encoding:
    cmd: python -m src.features.feature_encoding
    deps:
    - path: data/interim/feature_engineering.csv
      hash: md5
      md5: 8304be280de8fa17c2f1bcd802ff224f
      size: 87415
    - path: src/features/feature_encoding.py
      hash: md5
      md5: 15a38d2cb068a5ec0dd659c9caa352ba
      size: 1938
    - path: src/utils.py
      hash: md5
      md5: 013c8749ec5a5405633be4a2fc8ccccb
      size: 1820
    outs:
    - path: data/processed/features.csv
      hash: md5
      md5: 578dddcefacd49f14f035aa2420d06d7
      size: 26864
